
Microsoft Visual Studio Solution File, Format Version 12.00
# Visual Studio Version 17
VisualStudioVersion = 17.0.31919.166
MinimumVisualStudioVersion = 10.0.40219.1
Project("{FAE04EC0-301F-11D3-BF4B-00C04F79EFBC}") = "Hurisake", "Hurisake.csproj", "{B6892676-6297-44EC-987D-EF7897721919}"
EndProject
Global
	GlobalSection(SolutionConfigurationPlatforms) = preSolution
		Debug|Any CPU = Debug|Any CPU
		Release|Any CPU = Release|Any CPU
	EndGlobalSection
	GlobalSection(ProjectConfigurationPlatforms) = postSolution
		{B6892676-6297-44EC-987D-EF7897721919}.Debug|Any CPU.ActiveCfg = Debug|Any CPU
		{B6892676-6297-44EC-987D-EF7897721919}.Debug|Any CPU.Build.0 = Debug|Any CPU
		{B6892676-6297-44EC-987D-EF7897721919}.Release|Any CPU.ActiveCfg = Release|Any CPU
		{B6892676-6297-44EC-987D-EF7897721919}.Release|Any CPU.Build.0 = Release|Any CPU
	EndGlobalSection
	GlobalSection(SolutionProperties) = preSolution
		HideSolutionNode = FALSE
	EndGlobalSection
	GlobalSection(ExtensibilityGlobals) = postSolution
		SolutionGuid = {7A6605A7-84F9-4F2C-921C-0CD3B14DA21D}
	EndGlobalSection
EndGlobal
